
Microsoft Visual Studio Solution File, Format Version 12.00
# Visual Studio Version 17
VisualStudioVersion = 17.0.31919.166
MinimumVisualStudioVersion = 10.0.40219.1
Project("{FAE04EC0-301F-11D3-BF4B-00C04F79EFBC}") = "Archer", "Archer.csproj", "{176132DC-ED68-4B02-B2D8-B0B74D89B430}"
EndProject
Global
	GlobalSection(SolutionConfigurationPlatforms) = preSolution
		Debug|Any CPU = Debug|Any CPU
		Release|Any CPU = Release|Any CPU
	EndGlobalSection
	GlobalSection(ProjectConfigurationPlatforms) = postSolution
		{176132DC-ED68-4B02-B2D8-B0B74D89B430}.Debug|Any CPU.ActiveCfg = Debug|Any CPU
		{176132DC-ED68-4B02-B2D8-B0B74D89B430}.Debug|Any CPU.Build.0 = Debug|Any CPU
		{176132DC-ED68-4B02-B2D8-B0B74D89B430}.Release|Any CPU.ActiveCfg = Release|Any CPU
		{176132DC-ED68-4B02-B2D8-B0B74D89B430}.Release|Any CPU.Build.0 = Release|Any CPU
	EndGlobalSection
	GlobalSection(SolutionProperties) = preSolution
		HideSolutionNode = FALSE
	EndGlobalSection
	GlobalSection(ExtensibilityGlobals) = postSolution
		SolutionGuid = {427F9FC7-7C00-40C0-BBD5-9D55C86B3C15}
	EndGlobalSection
EndGlobal
